// !$*UTF8*$!
{
	archiveVersion = 1;
	classes = {
	};
	objectVersion = 55;
	objects = {

/* Begin PBXBuildFile section */
		0FF93CA31C7B4ABD6D517837 /* Pods_Podcast.framework in Frameworks */ = {isa = PBXBuildFile; fileRef = 85EE4E5C97A0BF3314E8A4CA /* Pods_Podcast.framework */; };
		FA043E92275A3B7700996792 /* PlayerDetailView.xib in Resources */ = {isa = PBXBuildFile; fileRef = FA043E91275A3B7700996792 /* PlayerDetailView.xib */; };
		FA043E94275A40EF00996792 /* PlayerDetailView.swift in Sources */ = {isa = PBXBuildFile; fileRef = FA043E93275A40EF00996792 /* PlayerDetailView.swift */; };
		FA0C4E052754E84F00818893 /* AppDelegate.swift in Sources */ = {isa = PBXBuildFile; fileRef = FA0C4E042754E84F00818893 /* AppDelegate.swift */; };
		FA0C4E072754E84F00818893 /* SceneDelegate.swift in Sources */ = {isa = PBXBuildFile; fileRef = FA0C4E062754E84F00818893 /* SceneDelegate.swift */; };
		FA0C4E092754E84F00818893 /* ViewController.swift in Sources */ = {isa = PBXBuildFile; fileRef = FA0C4E082754E84F00818893 /* ViewController.swift */; };
		FA0C4E0E2754E85100818893 /* Assets.xcassets in Resources */ = {isa = PBXBuildFile; fileRef = FA0C4E0D2754E85100818893 /* Assets.xcassets */; };
		FA0C4E112754E85100818893 /* LaunchScreen.storyboard in Resources */ = {isa = PBXBuildFile; fileRef = FA0C4E0F2754E85100818893 /* LaunchScreen.storyboard */; };
		FA0C4E192754E8A000818893 /* MainTabBarController.swift in Sources */ = {isa = PBXBuildFile; fileRef = FA0C4E182754E8A000818893 /* MainTabBarController.swift */; };
		FA26544A2757E04D00D2CB69 /* EpisodesController.swift in Sources */ = {isa = PBXBuildFile; fileRef = FA2654492757E04D00D2CB69 /* EpisodesController.swift */; };
		FA2D615A2755476400DC7CBE /* PodcastSearchController.swift in Sources */ = {isa = PBXBuildFile; fileRef = FA2D61592755476400DC7CBE /* PodcastSearchController.swift */; };
		FA2D615D275547EE00DC7CBE /* Podcast.swift in Sources */ = {isa = PBXBuildFile; fileRef = FA2D615C275547EE00DC7CBE /* Podcast.swift */; };
		FA47D9EA275F6E0E00DF06D6 /* CMTime.swift in Sources */ = {isa = PBXBuildFile; fileRef = FA47D9E9275F6E0E00DF06D6 /* CMTime.swift */; };
		FA5DF334275670760016818D /* APIService.swift in Sources */ = {isa = PBXBuildFile; fileRef = FA5DF333275670760016818D /* APIService.swift */; };
		FA5DF337275679CF0016818D /* PodcastCell.xib in Resources */ = {isa = PBXBuildFile; fileRef = FA5DF336275679CF0016818D /* PodcastCell.xib */; };
		FA5DF33927567CA30016818D /* PodcastCell.swift in Sources */ = {isa = PBXBuildFile; fileRef = FA5DF33827567CA30016818D /* PodcastCell.swift */; };
		FAE6F84A275902BD007D63FD /* Episode.swift in Sources */ = {isa = PBXBuildFile; fileRef = FAE6F849275902BD007D63FD /* Episode.swift */; };
		FAE6F84E27590406007D63FD /* EpisodeCell.swift in Sources */ = {isa = PBXBuildFile; fileRef = FAE6F84C27590406007D63FD /* EpisodeCell.swift */; };
		FAE6F84F27590406007D63FD /* EpisodeCell.xib in Resources */ = {isa = PBXBuildFile; fileRef = FAE6F84D27590406007D63FD /* EpisodeCell.xib */; };
		FAE6F852275922F4007D63FD /* String.swift in Sources */ = {isa = PBXBuildFile; fileRef = FAE6F851275922F4007D63FD /* String.swift */; };
		FAE6F8542759239F007D63FD /* RSSFeed.swift in Sources */ = {isa = PBXBuildFile; fileRef = FAE6F8532759239F007D63FD /* RSSFeed.swift */; };
/* End PBXBuildFile section */

/* Begin PBXFileReference section */
		09FC60F788419610CC2CFB79 /* Pods-Podcast.release.xcconfig */ = {isa = PBXFileReference; includeInIndex = 1; lastKnownFileType = text.xcconfig; name = "Pods-Podcast.release.xcconfig"; path = "Target Support Files/Pods-Podcast/Pods-Podcast.release.xcconfig"; sourceTree = "<group>"; };
		85EE4E5C97A0BF3314E8A4CA /* Pods_Podcast.framework */ = {isa = PBXFileReference; explicitFileType = wrapper.framework; includeInIndex = 0; path = Pods_Podcast.framework; sourceTree = BUILT_PRODUCTS_DIR; };
		D6138C9A3B337EE1E122D38F /* Pods-Podcast.debug.xcconfig */ = {isa = PBXFileReference; includeInIndex = 1; lastKnownFileType = text.xcconfig; name = "Pods-Podcast.debug.xcconfig"; path = "Target Support Files/Pods-Podcast/Pods-Podcast.debug.xcconfig"; sourceTree = "<group>"; };
		FA043E91275A3B7700996792 /* PlayerDetailView.xib */ = {isa = PBXFileReference; lastKnownFileType = file.xib; path = PlayerDetailView.xib; sourceTree = "<group>"; };
		FA043E93275A40EF00996792 /* PlayerDetailView.swift */ = {isa = PBXFileReference; lastKnownFileType = sourcecode.swift; path = PlayerDetailView.swift; sourceTree = "<group>"; };
		FA0C4E012754E84F00818893 /* Podcast.app */ = {isa = PBXFileReference; explicitFileType = wrapper.application; includeInIndex = 0; path = Podcast.app; sourceTree = BUILT_PRODUCTS_DIR; };
		FA0C4E042754E84F00818893 /* AppDelegate.swift */ = {isa = PBXFileReference; lastKnownFileType = sourcecode.swift; path = AppDelegate.swift; sourceTree = "<group>"; };
		FA0C4E062754E84F00818893 /* SceneDelegate.swift */ = {isa = PBXFileReference; lastKnownFileType = sourcecode.swift; path = SceneDelegate.swift; sourceTree = "<group>"; };
		FA0C4E082754E84F00818893 /* ViewController.swift */ = {isa = PBXFileReference; lastKnownFileType = sourcecode.swift; path = ViewController.swift; sourceTree = "<group>"; };
		FA0C4E0D2754E85100818893 /* Assets.xcassets */ = {isa = PBXFileReference; lastKnownFileType = folder.assetcatalog; path = Assets.xcassets; sourceTree = "<group>"; };
		FA0C4E102754E85100818893 /* Base */ = {isa = PBXFileReference; lastKnownFileType = file.storyboard; name = Base; path = Base.lproj/LaunchScreen.storyboard; sourceTree = "<group>"; };
		FA0C4E122754E85100818893 /* Info.plist */ = {isa = PBXFileReference; lastKnownFileType = text.plist.xml; path = Info.plist; sourceTree = "<group>"; };
		FA0C4E182754E8A000818893 /* MainTabBarController.swift */ = {isa = PBXFileReference; lastKnownFileType = sourcecode.swift; path = MainTabBarController.swift; sourceTree = "<group>"; };
		FA2654492757E04D00D2CB69 /* EpisodesController.swift */ = {isa = PBXFileReference; lastKnownFileType = sourcecode.swift; path = EpisodesController.swift; sourceTree = "<group>"; };
		FA2D61592755476400DC7CBE /* PodcastSearchController.swift */ = {isa = PBXFileReference; lastKnownFileType = sourcecode.swift; path = PodcastSearchController.swift; sourceTree = "<group>"; };
		FA2D615C275547EE00DC7CBE /* Podcast.swift */ = {isa = PBXFileReference; lastKnownFileType = sourcecode.swift; path = Podcast.swift; sourceTree = "<group>"; };
		FA47D9E9275F6E0E00DF06D6 /* CMTime.swift */ = {isa = PBXFileReference; lastKnownFileType = sourcecode.swift; path = CMTime.swift; sourceTree = "<group>"; };
		FA5DF333275670760016818D /* APIService.swift */ = {isa = PBXFileReference; lastKnownFileType = sourcecode.swift; path = APIService.swift; sourceTree = "<group>"; };
		FA5DF336275679CF0016818D /* PodcastCell.xib */ = {isa = PBXFileReference; lastKnownFileType = file.xib; path = PodcastCell.xib; sourceTree = "<group>"; };
		FA5DF33827567CA30016818D /* PodcastCell.swift */ = {isa = PBXFileReference; lastKnownFileType = sourcecode.swift; path = PodcastCell.swift; sourceTree = "<group>"; };
		FAE6F849275902BD007D63FD /* Episode.swift */ = {isa = PBXFileReference; lastKnownFileType = sourcecode.swift; path = Episode.swift; sourceTree = "<group>"; };
		FAE6F84C27590406007D63FD /* EpisodeCell.swift */ = {isa = PBXFileReference; lastKnownFileType = sourcecode.swift; path = EpisodeCell.swift; sourceTree = "<group>"; };
		FAE6F84D27590406007D63FD /* EpisodeCell.xib */ = {isa = PBXFileReference; lastKnownFileType = file.xib; path = EpisodeCell.xib; sourceTree = "<group>"; };
		FAE6F851275922F4007D63FD /* String.swift */ = {isa = PBXFileReference; lastKnownFileType = sourcecode.swift; path = String.swift; sourceTree = "<group>"; };
		FAE6F8532759239F007D63FD /* RSSFeed.swift */ = {isa = PBXFileReference; lastKnownFileType = sourcecode.swift; path = RSSFeed.swift; sourceTree = "<group>"; };
/* End PBXFileReference section */

/* Begin PBXFrameworksBuildPhase section */
		FA0C4DFE2754E84F00818893 /* Frameworks */ = {
			isa = PBXFrameworksBuildPhase;
			buildActionMask = 2147483647;
			files = (
				0FF93CA31C7B4ABD6D517837 /* Pods_Podcast.framework in Frameworks */,
			);
			runOnlyForDeploymentPostprocessing = 0;
		};
/* End PBXFrameworksBuildPhase section */

/* Begin PBXGroup section */
		8F8F1C4C7E66824D6FFA6D29 /* Pods */ = {
			isa = PBXGroup;
			children = (
				D6138C9A3B337EE1E122D38F /* Pods-Podcast.debug.xcconfig */,
				09FC60F788419610CC2CFB79 /* Pods-Podcast.release.xcconfig */,
			);
			path = Pods;
			sourceTree = "<group>";
		};
		EE16DC62E8B562502223A526 /* Frameworks */ = {
			isa = PBXGroup;
			children = (
				85EE4E5C97A0BF3314E8A4CA /* Pods_Podcast.framework */,
			);
			name = Frameworks;
			sourceTree = "<group>";
		};
		FA0C4DF82754E84F00818893 = {
			isa = PBXGroup;
			children = (
				FA0C4E032754E84F00818893 /* Podcast */,
				FA0C4E022754E84F00818893 /* Products */,
				8F8F1C4C7E66824D6FFA6D29 /* Pods */,
				EE16DC62E8B562502223A526 /* Frameworks */,
			);
			sourceTree = "<group>";
		};
		FA0C4E022754E84F00818893 /* Products */ = {
			isa = PBXGroup;
			children = (
				FA0C4E012754E84F00818893 /* Podcast.app */,
			);
			name = Products;
			sourceTree = "<group>";
		};
		FA0C4E032754E84F00818893 /* Podcast */ = {
			isa = PBXGroup;
			children = (
				FAE6F850275922E9007D63FD /* Extensions */,
				FA5DF335275679B20016818D /* Views */,
				FA5DF332275670610016818D /* API */,
				FA2D615B275547DD00DC7CBE /* Models */,
				FA2D61582755474D00DC7CBE /* Controllers */,
				FA0C4E042754E84F00818893 /* AppDelegate.swift */,
				FA0C4E062754E84F00818893 /* SceneDelegate.swift */,
				FA0C4E082754E84F00818893 /* ViewController.swift */,
				FA0C4E182754E8A000818893 /* MainTabBarController.swift */,
				FA0C4E0D2754E85100818893 /* Assets.xcassets */,
				FA0C4E0F2754E85100818893 /* LaunchScreen.storyboard */,
				FA0C4E122754E85100818893 /* Info.plist */,
			);
			path = Podcast;
			sourceTree = "<group>";
		};
		FA2D61582755474D00DC7CBE /* Controllers */ = {
			isa = PBXGroup;
			children = (
				FA2D61592755476400DC7CBE /* PodcastSearchController.swift */,
				FA2654492757E04D00D2CB69 /* EpisodesController.swift */,
			);
			path = Controllers;
			sourceTree = "<group>";
		};
		FA2D615B275547DD00DC7CBE /* Models */ = {
			isa = PBXGroup;
			children = (
				FA2D615C275547EE00DC7CBE /* Podcast.swift */,
				FAE6F849275902BD007D63FD /* Episode.swift */,
			);
			path = Models;
			sourceTree = "<group>";
		};
		FA5DF332275670610016818D /* API */ = {
			isa = PBXGroup;
			children = (
				FA5DF333275670760016818D /* APIService.swift */,
			);
			path = API;
			sourceTree = "<group>";
		};
		FA5DF335275679B20016818D /* Views */ = {
			isa = PBXGroup;
			children = (
				FA5DF336275679CF0016818D /* PodcastCell.xib */,
				FA5DF33827567CA30016818D /* PodcastCell.swift */,
				FAE6F84D27590406007D63FD /* EpisodeCell.xib */,
				FAE6F84C27590406007D63FD /* EpisodeCell.swift */,
				FA043E91275A3B7700996792 /* PlayerDetailView.xib */,
				FA043E93275A40EF00996792 /* PlayerDetailView.swift */,
			);
			path = Views;
			sourceTree = "<group>";
		};
		FAE6F850275922E9007D63FD /* Extensions */ = {
			isa = PBXGroup;
			children = (
				FAE6F851275922F4007D63FD /* String.swift */,
				FAE6F8532759239F007D63FD /* RSSFeed.swift */,
				FA47D9E9275F6E0E00DF06D6 /* CMTime.swift */,
			);
			path = Extensions;
			sourceTree = "<group>";
		};
/* End PBXGroup section */

/* Begin PBXNativeTarget section */
		FA0C4E002754E84F00818893 /* Podcast */ = {
			isa = PBXNativeTarget;
			buildConfigurationList = FA0C4E152754E85100818893 /* Build configuration list for PBXNativeTarget "Podcast" */;
			buildPhases = (
				3DCB986F7E901FF297C664A3 /* [CP] Check Pods Manifest.lock */,
				FA0C4DFD2754E84F00818893 /* Sources */,
				FA0C4DFE2754E84F00818893 /* Frameworks */,
				FA0C4DFF2754E84F00818893 /* Resources */,
				349D8A063A9495496AB9C1FF /* [CP] Embed Pods Frameworks */,
			);
			buildRules = (
			);
			dependencies = (
			);
			name = Podcast;
			productName = Podcast;
			productReference = FA0C4E012754E84F00818893 /* Podcast.app */;
			productType = "com.apple.product-type.application";
		};
/* End PBXNativeTarget section */

/* Begin PBXProject section */
		FA0C4DF92754E84F00818893 /* Project object */ = {
			isa = PBXProject;
			attributes = {
				BuildIndependentTargetsInParallel = 1;
				LastSwiftUpdateCheck = 1300;
				LastUpgradeCheck = 1300;
				TargetAttributes = {
					FA0C4E002754E84F00818893 = {
						CreatedOnToolsVersion = 13.0;
					};
				};
			};
			buildConfigurationList = FA0C4DFC2754E84F00818893 /* Build configuration list for PBXProject "Podcast" */;
			compatibilityVersion = "Xcode 13.0";
			developmentRegion = en;
			hasScannedForEncodings = 0;
			knownRegions = (
				en,
				Base,
			);
			mainGroup = FA0C4DF82754E84F00818893;
			productRefGroup = FA0C4E022754E84F00818893 /* Products */;
			projectDirPath = "";
			projectRoot = "";
			targets = (
				FA0C4E002754E84F00818893 /* Podcast */,
			);
		};
/* End PBXProject section */

/* Begin PBXResourcesBuildPhase section */
		FA0C4DFF2754E84F00818893 /* Resources */ = {
			isa = PBXResourcesBuildPhase;
			buildActionMask = 2147483647;
			files = (
				FA043E92275A3B7700996792 /* PlayerDetailView.xib in Resources */,
				FA0C4E112754E85100818893 /* LaunchScreen.storyboard in Resources */,
				FAE6F84F27590406007D63FD /* EpisodeCell.xib in Resources */,
				FA0C4E0E2754E85100818893 /* Assets.xcassets in Resources */,
				FA5DF337275679CF0016818D /* PodcastCell.xib in Resources */,
			);
			runOnlyForDeploymentPostprocessing = 0;
		};
/* End PBXResourcesBuildPhase section */

/* Begin PBXShellScriptBuildPhase section */
		349D8A063A9495496AB9C1FF /* [CP] Embed Pods Frameworks */ = {
			isa = PBXShellScriptBuildPhase;
			buildActionMask = 2147483647;
			files = (
			);
			inputFileListPaths = (
				"${PODS_ROOT}/Target Support Files/Pods-Podcast/Pods-Podcast-frameworks-${CONFIGURATION}-input-files.xcfilelist",
			);
			name = "[CP] Embed Pods Frameworks";
			outputFileListPaths = (
				"${PODS_ROOT}/Target Support Files/Pods-Podcast/Pods-Podcast-frameworks-${CONFIGURATION}-output-files.xcfilelist",
			);
			runOnlyForDeploymentPostprocessing = 0;
			shellPath = /bin/sh;
			shellScript = "\"${PODS_ROOT}/Target Support Files/Pods-Podcast/Pods-Podcast-frameworks.sh\"\n";
			showEnvVarsInLog = 0;
		};
		3DCB986F7E901FF297C664A3 /* [CP] Check Pods Manifest.lock */ = {
			isa = PBXShellScriptBuildPhase;
			buildActionMask = 2147483647;
			files = (
			);
			inputFileListPaths = (
			);
			inputPaths = (
				"${PODS_PODFILE_DIR_PATH}/Podfile.lock",
				"${PODS_ROOT}/Manifest.lock",
			);
			name = "[CP] Check Pods Manifest.lock";
			outputFileListPaths = (
			);
			outputPaths = (
				"$(DERIVED_FILE_DIR)/Pods-Podcast-checkManifestLockResult.txt",
			);
			runOnlyForDeploymentPostprocessing = 0;
			shellPath = /bin/sh;
			shellScript = "diff \"${PODS_PODFILE_DIR_PATH}/Podfile.lock\" \"${PODS_ROOT}/Manifest.lock\" > /dev/null\nif [ $? != 0 ] ; then\n    # print error to STDERR\n    echo \"error: The sandbox is not in sync with the Podfile.lock. Run 'pod install' or update your CocoaPods installation.\" >&2\n    exit 1\nfi\n# This output is used by Xcode 'outputs' to avoid re-running this script phase.\necho \"SUCCESS\" > \"${SCRIPT_OUTPUT_FILE_0}\"\n";
			showEnvVarsInLog = 0;
		};
/* End PBXShellScriptBuildPhase section */

/* Begin PBXSourcesBuildPhase section */
		FA0C4DFD2754E84F00818893 /* Sources */ = {
			isa = PBXSourcesBuildPhase;
			buildActionMask = 2147483647;
			files = (
				FAE6F8542759239F007D63FD /* RSSFeed.swift in Sources */,
				FA2D615A2755476400DC7CBE /* PodcastSearchController.swift in Sources */,
				FA043E94275A40EF00996792 /* PlayerDetailView.swift in Sources */,
				FA5DF334275670760016818D /* APIService.swift in Sources */,
				FA5DF33927567CA30016818D /* PodcastCell.swift in Sources */,
				FAE6F84E27590406007D63FD /* EpisodeCell.swift in Sources */,
				FAE6F84A275902BD007D63FD /* Episode.swift in Sources */,
				FA0C4E092754E84F00818893 /* ViewController.swift in Sources */,
				FAE6F852275922F4007D63FD /* String.swift in Sources */,
				FA2D615D275547EE00DC7CBE /* Podcast.swift in Sources */,
				FA0C4E052754E84F00818893 /* AppDelegate.swift in Sources */,
				FA0C4E192754E8A000818893 /* MainTabBarController.swift in Sources */,
				FA0C4E072754E84F00818893 /* SceneDelegate.swift in Sources */,
				FA47D9EA275F6E0E00DF06D6 /* CMTime.swift in Sources */,
				FA26544A2757E04D00D2CB69 /* EpisodesController.swift in Sources */,
			);
			runOnlyForDeploymentPostprocessing = 0;
		};
/* End PBXSourcesBuildPhase section */

/* Begin PBXVariantGroup section */
		FA0C4E0F2754E85100818893 /* LaunchScreen.storyboard */ = {
			isa = PBXVariantGroup;
			children = (
				FA0C4E102754E85100818893 /* Base */,
			);
			name = LaunchScreen.storyboard;
			sourceTree = "<group>";
		};
/* End PBXVariantGroup section */

/* Begin XCBuildConfiguration section */
		FA0C4E132754E85100818893 /* Debug */ = {
			isa = XCBuildConfiguration;
			buildSettings = {
				ALWAYS_SEARCH_USER_PATHS = NO;
				CLANG_ANALYZER_NONNULL = YES;
				CLANG_ANALYZER_NUMBER_OBJECT_CONVERSION = YES_AGGRESSIVE;
				CLANG_CXX_LANGUAGE_STANDARD = "gnu++17";
				CLANG_CXX_LIBRARY = "libc++";
				CLANG_ENABLE_MODULES = YES;
				CLANG_ENABLE_OBJC_ARC = YES;
				CLANG_ENABLE_OBJC_WEAK = YES;
				CLANG_WARN_BLOCK_CAPTURE_AUTORELEASING = YES;
				CLANG_WARN_BOOL_CONVERSION = YES;
				CLANG_WARN_COMMA = YES;
				CLANG_WARN_CONSTANT_CONVERSION = YES;
				CLANG_WARN_DEPRECATED_OBJC_IMPLEMENTATIONS = YES;
				CLANG_WARN_DIRECT_OBJC_ISA_USAGE = YES_ERROR;
				CLANG_WARN_DOCUMENTATION_COMMENTS = YES;
				CLANG_WARN_EMPTY_BODY = YES;
				CLANG_WARN_ENUM_CONVERSION = YES;
				CLANG_WARN_INFINITE_RECURSION = YES;
				CLANG_WARN_INT_CONVERSION = YES;
				CLANG_WARN_NON_LITERAL_NULL_CONVERSION = YES;
				CLANG_WARN_OBJC_IMPLICIT_RETAIN_SELF = YES;
				CLANG_WARN_OBJC_LITERAL_CONVERSION = YES;
				CLANG_WARN_OBJC_ROOT_CLASS = YES_ERROR;
				CLANG_WARN_QUOTED_INCLUDE_IN_FRAMEWORK_HEADER = YES;
				CLANG_WARN_RANGE_LOOP_ANALYSIS = YES;
				CLANG_WARN_STRICT_PROTOTYPES = YES;
				CLANG_WARN_SUSPICIOUS_MOVE = YES;
				CLANG_WARN_UNGUARDED_AVAILABILITY = YES_AGGRESSIVE;
				CLANG_WARN_UNREACHABLE_CODE = YES;
				CLANG_WARN__DUPLICATE_METHOD_MATCH = YES;
				COPY_PHASE_STRIP = NO;
				DEBUG_INFORMATION_FORMAT = dwarf;
				ENABLE_STRICT_OBJC_MSGSEND = YES;
				ENABLE_TESTABILITY = YES;
				GCC_C_LANGUAGE_STANDARD = gnu11;
				GCC_DYNAMIC_NO_PIC = NO;
				GCC_NO_COMMON_BLOCKS = YES;
				GCC_OPTIMIZATION_LEVEL = 0;
				GCC_PREPROCESSOR_DEFINITIONS = (
					"DEBUG=1",
					"$(inherited)",
				);
				GCC_WARN_64_TO_32_BIT_CONVERSION = YES;
				GCC_WARN_ABOUT_RETURN_TYPE = YES_ERROR;
				GCC_WARN_UNDECLARED_SELECTOR = YES;
				GCC_WARN_UNINITIALIZED_AUTOS = YES_AGGRESSIVE;
				GCC_WARN_UNUSED_FUNCTION = YES;
				GCC_WARN_UNUSED_VARIABLE = YES;
				IPHONEOS_DEPLOYMENT_TARGET = 15.0;
				MTL_ENABLE_DEBUG_INFO = INCLUDE_SOURCE;
				MTL_FAST_MATH = YES;
				ONLY_ACTIVE_ARCH = YES;
				SDKROOT = iphoneos;
				SWIFT_ACTIVE_COMPILATION_CONDITIONS = DEBUG;
				SWIFT_OPTIMIZATION_LEVEL = "-Onone";
			};
			name = Debug;
		};
		FA0C4E142754E85100818893 /* Release */ = {
			isa = XCBuildConfiguration;
			buildSettings = {
				ALWAYS_SEARCH_USER_PATHS = NO;
				CLANG_ANALYZER_NONNULL = YES;
				CLANG_ANALYZER_NUMBER_OBJECT_CONVERSION = YES_AGGRESSIVE;
				CLANG_CXX_LANGUAGE_STANDARD = "gnu++17";
				CLANG_CXX_LIBRARY = "libc++";
				CLANG_ENABLE_MODULES = YES;
				CLANG_ENABLE_OBJC_ARC = YES;
				CLANG_ENABLE_OBJC_WEAK = YES;
				CLANG_WARN_BLOCK_CAPTURE_AUTORELEASING = YES;
				CLANG_WARN_BOOL_CONVERSION = YES;
				CLANG_WARN_COMMA = YES;
				CLANG_WARN_CONSTANT_CONVERSION = YES;
				CLANG_WARN_DEPRECATED_OBJC_IMPLEMENTATIONS = YES;
				CLANG_WARN_DIRECT_OBJC_ISA_USAGE = YES_ERROR;
				CLANG_WARN_DOCUMENTATION_COMMENTS = YES;
				CLANG_WARN_EMPTY_BODY = YES;
				CLANG_WARN_ENUM_CONVERSION = YES;
				CLANG_WARN_INFINITE_RECURSION = YES;
				CLANG_WARN_INT_CONVERSION = YES;
				CLANG_WARN_NON_LITERAL_NULL_CONVERSION = YES;
				CLANG_WARN_OBJC_IMPLICIT_RETAIN_SELF = YES;
				CLANG_WARN_OBJC_LITERAL_CONVERSION = YES;
				CLANG_WARN_OBJC_ROOT_CLASS = YES_ERROR;
				CLANG_WARN_QUOTED_INCLUDE_IN_FRAMEWORK_HEADER = YES;
				CLANG_WARN_RANGE_LOOP_ANALYSIS = YES;
				CLANG_WARN_STRICT_PROTOTYPES = YES;
				CLANG_WARN_SUSPICIOUS_MOVE = YES;
				CLANG_WARN_UNGUARDED_AVAILABILITY = YES_AGGRESSIVE;
				CLANG_WARN_UNREACHABLE_CODE = YES;
				CLANG_WARN__DUPLICATE_METHOD_MATCH = YES;
				COPY_PHASE_STRIP = NO;
				DEBUG_INFORMATION_FORMAT = "dwarf-with-dsym";
				ENABLE_NS_ASSERTIONS = NO;
				ENABLE_STRICT_OBJC_MSGSEND = YES;
				GCC_C_LANGUAGE_STANDARD = gnu11;
				GCC_NO_COMMON_BLOCKS = YES;
				GCC_WARN_64_TO_32_BIT_CONVERSION = YES;
				GCC_WARN_ABOUT_RETURN_TYPE = YES_ERROR;
				GCC_WARN_UNDECLARED_SELECTOR = YES;
				GCC_WARN_UNINITIALIZED_AUTOS = YES_AGGRESSIVE;
				GCC_WARN_UNUSED_FUNCTION = YES;
				GCC_WARN_UNUSED_VARIABLE = YES;
				IPHONEOS_DEPLOYMENT_TARGET = 15.0;
				MTL_ENABLE_DEBUG_INFO = NO;
				MTL_FAST_MATH = YES;
				SDKROOT = iphoneos;
				SWIFT_COMPILATION_MODE = wholemodule;
				SWIFT_OPTIMIZATION_LEVEL = "-O";
				VALIDATE_PRODUCT = YES;
			};
			name = Release;
		};
		FA0C4E162754E85100818893 /* Debug */ = {
			isa = XCBuildConfiguration;
			baseConfigurationReference = D6138C9A3B337EE1E122D38F /* Pods-Podcast.debug.xcconfig */;
			buildSettings = {
				ASSETCATALOG_COMPILER_APPICON_NAME = AppIcon;
				ASSETCATALOG_COMPILER_GLOBAL_ACCENT_COLOR_NAME = AccentColor;
				CODE_SIGN_STYLE = Automatic;
				CURRENT_PROJECT_VERSION = 1;
				DEVELOPMENT_TEAM = 4N54622VDX;
				GENERATE_INFOPLIST_FILE = YES;
				INFOPLIST_FILE = Podcast/Info.plist;
				INFOPLIST_KEY_UIApplicationSupportsIndirectInputEvents = YES;
				INFOPLIST_KEY_UILaunchStoryboardName = LaunchScreen;
				INFOPLIST_KEY_UISupportedInterfaceOrientations_iPad = "UIInterfaceOrientationPortrait UIInterfaceOrientationPortraitUpsideDown UIInterfaceOrientationLandscapeLeft UIInterfaceOrientationLandscapeRight";
				INFOPLIST_KEY_UISupportedInterfaceOrientations_iPhone = "UIInterfaceOrientationPortrait UIInterfaceOrientationLandscapeLeft UIInterfaceOrientationLandscapeRight";
				LD_RUNPATH_SEARCH_PATHS = (
					"$(inherited)",
					"@executable_path/Frameworks",
				);
				MARKETING_VERSION = 1.0;
				PRODUCT_BUNDLE_IDENTIFIER = ker.Podcast;
				PRODUCT_NAME = "$(TARGET_NAME)";
				SWIFT_EMIT_LOC_STRINGS = YES;
				SWIFT_VERSION = 5.0;
				TARGETED_DEVICE_FAMILY = "1,2";
			};
			name = Debug;
		};
		FA0C4E172754E85100818893 /* Release */ = {
			isa = XCBuildConfiguration;
			baseConfigurationReference = 09FC60F788419610CC2CFB79 /* Pods-Podcast.release.xcconfig */;
			buildSettings = {
				ASSETCATALOG_COMPILER_APPICON_NAME = AppIcon;
				ASSETCATALOG_COMPILER_GLOBAL_ACCENT_COLOR_NAME = AccentColor;
				CODE_SIGN_STYLE = Automatic;
				CURRENT_PROJECT_VERSION = 1;
				DEVELOPMENT_TEAM = 4N54622VDX;
				GENERATE_INFOPLIST_FILE = YES;
				INFOPLIST_FILE = Podcast/Info.plist;
				INFOPLIST_KEY_UIApplicationSupportsIndirectInputEvents = YES;
				INFOPLIST_KEY_UILaunchStoryboardName = LaunchScreen;
				INFOPLIST_KEY_UISupportedInterfaceOrientations_iPad = "UIInterfaceOrientationPortrait UIInterfaceOrientationPortraitUpsideDown UIInterfaceOrientationLandscapeLeft UIInterfaceOrientationLandscapeRight";
				INFOPLIST_KEY_UISupportedInterfaceOrientations_iPhone = "UIInterfaceOrientationPortrait UIInterfaceOrientationLandscapeLeft UIInterfaceOrientationLandscapeRight";
				LD_RUNPATH_SEARCH_PATHS = (
					"$(inherited)",
					"@executable_path/Frameworks",
				);
				MARKETING_VERSION = 1.0;
				PRODUCT_BUNDLE_IDENTIFIER = ker.Podcast;
				PRODUCT_NAME = "$(TARGET_NAME)";
				SWIFT_EMIT_LOC_STRINGS = YES;
				SWIFT_VERSION = 5.0;
				TARGETED_DEVICE_FAMILY = "1,2";
			};
			name = Release;
		};
/* End XCBuildConfiguration section */

/* Begin XCConfigurationList section */
		FA0C4DFC2754E84F00818893 /* Build configuration list for PBXProject "Podcast" */ = {
			isa = XCConfigurationList;
			buildConfigurations = (
				FA0C4E132754E85100818893 /* Debug */,
				FA0C4E142754E85100818893 /* Release */,
			);
			defaultConfigurationIsVisible = 0;
			defaultConfigurationName = Release;
		};
		FA0C4E152754E85100818893 /* Build configuration list for PBXNativeTarget "Podcast" */ = {
			isa = XCConfigurationList;
			buildConfigurations = (
				FA0C4E162754E85100818893 /* Debug */,
				FA0C4E172754E85100818893 /* Release */,
			);
			defaultConfigurationIsVisible = 0;
			defaultConfigurationName = Release;
		};
/* End XCConfigurationList section */
	};
	rootObject = FA0C4DF92754E84F00818893 /* Project object */;
}
